schema: '2.0'
stages:
  stage_01:
    cmd: python stage_01.py
    deps:
    - path: stage_01.py
      hash: md5
      md5: fefee42a359b9e305ee4886e1ce2c209
      size: 86
    outs:
    - path: artifact.txt
      hash: md5
      md5: 062c78fcd3a93ddec9a44f62392b03fa
      size: 34
  stage_02:
    cmd: python stage_02.py
    deps:
    - path: artifact.txt
      hash: md5
      md5: 062c78fcd3a93ddec9a44f62392b03fa
      size: 34
    - path: stage_02.py
      hash: md5
      md5: 5d210e8fd93fffa03dc7793697f9f76d
      size: 110
  stage_03:
    cmd: python stage_03.py
    deps:
    - path: artifact.txt
      hash: md5
      md5: f6bf97a27a1a64e5f800ab4f9ff5ff84
      size: 55
    - path: stage_03.py
      hash: md5
      md5: 063e4dc9c1283e3c42d212972dd10744
      size: 195
